
Microsoft Visual Studio Solution File, Format Version 12.00
# Visual Studio Version 17
VisualStudioVersion = 17.7.34018.315
MinimumVisualStudioVersion = 10.0.40219.1
Project("{FAE04EC0-301F-11D3-BF4B-00C04F79EFBC}") = "PryLedoTP", "PryLedoTP.csproj", "{3BADBD28-A3D8-42B8-AC2A-603A669A6E90}"
EndProject
Global
	GlobalSection(SolutionConfigurationPlatforms) = preSolution
		Debug|Any CPU = Debug|Any CPU
		Release|Any CPU = Release|Any CPU
	EndGlobalSection
	GlobalSection(ProjectConfigurationPlatforms) = postSolution
		{3BADBD28-A3D8-42B8-AC2A-603A669A6E90}.Debug|Any CPU.ActiveCfg = Debug|Any CPU
		{3BADBD28-A3D8-42B8-AC2A-603A669A6E90}.Debug|Any CPU.Build.0 = Debug|Any CPU
		{3BADBD28-A3D8-42B8-AC2A-603A669A6E90}.Release|Any CPU.ActiveCfg = Release|Any CPU
		{3BADBD28-A3D8-42B8-AC2A-603A669A6E90}.Release|Any CPU.Build.0 = Release|Any CPU
	EndGlobalSection
	GlobalSection(SolutionProperties) = preSolution
		HideSolutionNode = FALSE
	EndGlobalSection
	GlobalSection(ExtensibilityGlobals) = postSolution
		SolutionGuid = {E674A242-3B82-4BFD-809B-7984B7257241}
	EndGlobalSection
EndGlobal
